
Microsoft Visual Studio Solution File, Format Version 12.00
# Visual Studio 2012
Project("{FAE04EC0-301F-11D3-BF4B-00C04F79EFBC}") = "AngularJSAndWebAPI", "AngularJSAndWebAPI\AngularJSAndWebAPI.csproj", "{219B362A-1AF1-485A-AC3A-8ED828671A6C}"
EndProject
Project("{FAE04EC0-301F-11D3-BF4B-00C04F79EFBC}") = "AngularJSAndWebAPI.Tests", "AngularJSAndWebAPI.Tests\AngularJSAndWebAPI.Tests.csproj", "{E5250052-90A8-4573-A7FD-7FB552E42001}"
EndProject
Global
	GlobalSection(SolutionConfigurationPlatforms) = preSolution
		Debug|Any CPU = Debug|Any CPU
		Release|Any CPU = Release|Any CPU
	EndGlobalSection
	GlobalSection(ProjectConfigurationPlatforms) = postSolution
		{219B362A-1AF1-485A-AC3A-8ED828671A6C}.Debug|Any CPU.ActiveCfg = Debug|Any CPU
		{219B362A-1AF1-485A-AC3A-8ED828671A6C}.Debug|Any CPU.Build.0 = Debug|Any CPU
		{219B362A-1AF1-485A-AC3A-8ED828671A6C}.Release|Any CPU.ActiveCfg = Release|Any CPU
		{219B362A-1AF1-485A-AC3A-8ED828671A6C}.Release|Any CPU.Build.0 = Release|Any CPU
		{E5250052-90A8-4573-A7FD-7FB552E42001}.Debug|Any CPU.ActiveCfg = Debug|Any CPU
		{E5250052-90A8-4573-A7FD-7FB552E42001}.Debug|Any CPU.Build.0 = Debug|Any CPU
		{E5250052-90A8-4573-A7FD-7FB552E42001}.Release|Any CPU.ActiveCfg = Release|Any CPU
		{E5250052-90A8-4573-A7FD-7FB552E42001}.Release|Any CPU.Build.0 = Release|Any CPU
	EndGlobalSection
	GlobalSection(SolutionProperties) = preSolution
		HideSolutionNode = FALSE
	EndGlobalSection
EndGlobal
